
Microsoft Visual Studio Solution File, Format Version 12.00
Project("{FAE04EC0-301F-11D3-BF4B-00C04F79EFBC}") = "APBD_Projekt1", "APBD_Projekt1\APBD_Projekt1.csproj", "{518065B2-15D3-4CBE-B700-4AAECD02A91B}"
EndProject
Global
	GlobalSection(SolutionConfigurationPlatforms) = preSolution
		Debug|Any CPU = Debug|Any CPU
		Release|Any CPU = Release|Any CPU
	EndGlobalSection
	GlobalSection(ProjectConfigurationPlatforms) = postSolution
		{518065B2-15D3-4CBE-B700-4AAECD02A91B}.Debug|Any CPU.ActiveCfg = Debug|Any CPU
		{518065B2-15D3-4CBE-B700-4AAECD02A91B}.Debug|Any CPU.Build.0 = Debug|Any CPU
		{518065B2-15D3-4CBE-B700-4AAECD02A91B}.Release|Any CPU.ActiveCfg = Release|Any CPU
		{518065B2-15D3-4CBE-B700-4AAECD02A91B}.Release|Any CPU.Build.0 = Release|Any CPU
	EndGlobalSection
EndGlobal
